
Microsoft Visual Studio Solution File, Format Version 12.00
# Visual Studio Version 17
VisualStudioVersion = 17.14.36616.10 d17.14
MinimumVisualStudioVersion = 10.0.40219.1
Project("{FAE04EC0-301F-11D3-BF4B-00C04F79EFBC}") = "OpenLLMToSpeechTest", "OpenLLMToSpeechTest\OpenLLMToSpeechTest.csproj", "{859FC9BF-EFBF-44A6-BB83-1AC13A034061}"
EndProject
Project("{FAE04EC0-301F-11D3-BF4B-00C04F79EFBC}") = "OpenLLMToSpeech.Core", "OpenLLMToSpeechCore\OpenLLMToSpeech.Core.csproj", "{546C9665-316D-4835-A997-F4BD242B59C3}"
EndProject
Project("{FAE04EC0-301F-11D3-BF4B-00C04F79EFBC}") = "OpenLLMToSpeech.Provider", "OpenLLMToSpeech.Provider\OpenLLMToSpeech.Provider.csproj", "{5327AC6D-83F5-4CAE-9CEB-D0C455310379}"
EndProject
Global
	GlobalSection(SolutionConfigurationPlatforms) = preSolution
		Debug|Any CPU = Debug|Any CPU
		Release|Any CPU = Release|Any CPU
	EndGlobalSection
	GlobalSection(ProjectConfigurationPlatforms) = postSolution
		{859FC9BF-EFBF-44A6-BB83-1AC13A034061}.Debug|Any CPU.ActiveCfg = Debug|Any CPU
		{859FC9BF-EFBF-44A6-BB83-1AC13A034061}.Debug|Any CPU.Build.0 = Debug|Any CPU
		{859FC9BF-EFBF-44A6-BB83-1AC13A034061}.Release|Any CPU.ActiveCfg = Release|Any CPU
		{859FC9BF-EFBF-44A6-BB83-1AC13A034061}.Release|Any CPU.Build.0 = Release|Any CPU
		{546C9665-316D-4835-A997-F4BD242B59C3}.Debug|Any CPU.ActiveCfg = Debug|Any CPU
		{546C9665-316D-4835-A997-F4BD242B59C3}.Debug|Any CPU.Build.0 = Debug|Any CPU
		{546C9665-316D-4835-A997-F4BD242B59C3}.Release|Any CPU.ActiveCfg = Release|Any CPU
		{546C9665-316D-4835-A997-F4BD242B59C3}.Release|Any CPU.Build.0 = Release|Any CPU
		{5327AC6D-83F5-4CAE-9CEB-D0C455310379}.Debug|Any CPU.ActiveCfg = Debug|Any CPU
		{5327AC6D-83F5-4CAE-9CEB-D0C455310379}.Debug|Any CPU.Build.0 = Debug|Any CPU
		{5327AC6D-83F5-4CAE-9CEB-D0C455310379}.Release|Any CPU.ActiveCfg = Release|Any CPU
		{5327AC6D-83F5-4CAE-9CEB-D0C455310379}.Release|Any CPU.Build.0 = Release|Any CPU
	EndGlobalSection
	GlobalSection(SolutionProperties) = preSolution
		HideSolutionNode = FALSE
	EndGlobalSection
	GlobalSection(ExtensibilityGlobals) = postSolution
		SolutionGuid = {DC842099-8E3A-49BF-886B-92ABF3CF6F0B}
	EndGlobalSection
EndGlobal
